
Microsoft Visual Studio Solution File, Format Version 12.00
# Visual Studio Version 16
VisualStudioVersion = 16.0.30711.63
MinimumVisualStudioVersion = 10.0.40219.1
Project("{FAE04EC0-301F-11D3-BF4B-00C04F79EFBC}") = "MVCPractice", "MVCPractice\MVCPractice.csproj", "{86AB2578-1EB9-4EC0-8C2F-5CAE0A0864BA}"
EndProject
Global
	GlobalSection(SolutionConfigurationPlatforms) = preSolution
		Debug|Any CPU = Debug|Any CPU
		Release|Any CPU = Release|Any CPU
	EndGlobalSection
	GlobalSection(ProjectConfigurationPlatforms) = postSolution
		{86AB2578-1EB9-4EC0-8C2F-5CAE0A0864BA}.Debug|Any CPU.ActiveCfg = Debug|Any CPU
		{86AB2578-1EB9-4EC0-8C2F-5CAE0A0864BA}.Debug|Any CPU.Build.0 = Debug|Any CPU
		{86AB2578-1EB9-4EC0-8C2F-5CAE0A0864BA}.Release|Any CPU.ActiveCfg = Release|Any CPU
		{86AB2578-1EB9-4EC0-8C2F-5CAE0A0864BA}.Release|Any CPU.Build.0 = Release|Any CPU
	EndGlobalSection
	GlobalSection(SolutionProperties) = preSolution
		HideSolutionNode = FALSE
	EndGlobalSection
	GlobalSection(ExtensibilityGlobals) = postSolution
		SolutionGuid = {7B77AC67-4398-423A-B302-75105B732D75}
	EndGlobalSection
EndGlobal
