
Microsoft Visual Studio Solution File, Format Version 12.00
# Visual Studio Version 16
VisualStudioVersion = 16.0.30711.63
MinimumVisualStudioVersion = 10.0.40219.1
Project("{FAE04EC0-301F-11D3-BF4B-00C04F79EFBC}") = "HelloAspDotNetCore", "HelloAspDotNetCore\HelloAspDotNetCore.csproj", "{A7FB9FDF-70EA-4E63-B5E5-0B957397B63F}"
EndProject
Global
	GlobalSection(SolutionConfigurationPlatforms) = preSolution
		Debug|Any CPU = Debug|Any CPU
		Release|Any CPU = Release|Any CPU
	EndGlobalSection
	GlobalSection(ProjectConfigurationPlatforms) = postSolution
		{A7FB9FDF-70EA-4E63-B5E5-0B957397B63F}.Debug|Any CPU.ActiveCfg = Debug|Any CPU
		{A7FB9FDF-70EA-4E63-B5E5-0B957397B63F}.Debug|Any CPU.Build.0 = Debug|Any CPU
		{A7FB9FDF-70EA-4E63-B5E5-0B957397B63F}.Release|Any CPU.ActiveCfg = Release|Any CPU
		{A7FB9FDF-70EA-4E63-B5E5-0B957397B63F}.Release|Any CPU.Build.0 = Release|Any CPU
	EndGlobalSection
	GlobalSection(SolutionProperties) = preSolution
		HideSolutionNode = FALSE
	EndGlobalSection
	GlobalSection(ExtensibilityGlobals) = postSolution
		SolutionGuid = {E0381D12-C01A-4637-92E3-C48A9775F51E}
	EndGlobalSection
EndGlobal
